// !$*UTF8*$!
{
	archiveVersion = 1;
	classes = {
	};
	objectVersion = 56;
	objects = {

/* Begin PBXBuildFile section */
		A4C4F8A22A30F4AE00E231AA /* AppDelegate.swift in Sources */ = {isa = PBXBuildFile; fileRef = A4C4F8A12A30F4AE00E231AA /* AppDelegate.swift */; };
		A4C4F8A42A30F4AE00E231AA /* SceneDelegate.swift in Sources */ = {isa = PBXBuildFile; fileRef = A4C4F8A32A30F4AE00E231AA /* SceneDelegate.swift */; };
		A4C4F8A62A30F4AE00E231AA /* ViewController.swift in Sources */ = {isa = PBXBuildFile; fileRef = A4C4F8A52A30F4AE00E231AA /* ViewController.swift */; };
		A4C4F8A92A30F4AE00E231AA /* Main.storyboard in Resources */ = {isa = PBXBuildFile; fileRef = A4C4F8A72A30F4AE00E231AA /* Main.storyboard */; };
		A4C4F8AB2A30F4AF00E231AA /* Assets.xcassets in Resources */ = {isa = PBXBuildFile; fileRef = A4C4F8AA2A30F4AF00E231AA /* Assets.xcassets */; };
		A4C4F8AE2A30F4AF00E231AA /* LaunchScreen.storyboard in Resources */ = {isa = PBXBuildFile; fileRef = A4C4F8AC2A30F4AF00E231AA /* LaunchScreen.storyboard */; };
/* End PBXBuildFile section */

/* Begin PBXFileReference section */
		A4C4F89E2A30F4AE00E231AA /* Алгоритм работы по git flow. Разработка.app */ = {isa = PBXFileReference; explicitFileType = wrapper.application; includeInIndex = 0; path = "Алгоритм работы по git flow. Разработка.app"; sourceTree = BUILT_PRODUCTS_DIR; };
		A4C4F8A12A30F4AE00E231AA /* AppDelegate.swift */ = {isa = PBXFileReference; lastKnownFileType = sourcecode.swift; path = AppDelegate.swift; sourceTree = "<group>"; };
		A4C4F8A32A30F4AE00E231AA /* SceneDelegate.swift */ = {isa = PBXFileReference; lastKnownFileType = sourcecode.swift; path = SceneDelegate.swift; sourceTree = "<group>"; };
		A4C4F8A52A30F4AE00E231AA /* ViewController.swift */ = {isa = PBXFileReference; lastKnownFileType = sourcecode.swift; path = ViewController.swift; sourceTree = "<group>"; };
		A4C4F8A82A30F4AE00E231AA /* Base */ = {isa = PBXFileReference; lastKnownFileType = file.storyboard; name = Base; path = Base.lproj/Main.storyboard; sourceTree = "<group>"; };
		A4C4F8AA2A30F4AF00E231AA /* Assets.xcassets */ = {isa = PBXFileReference; lastKnownFileType = folder.assetcatalog; path = Assets.xcassets; sourceTree = "<group>"; };
		A4C4F8AD2A30F4AF00E231AA /* Base */ = {isa = PBXFileReference; lastKnownFileType = file.storyboard; name = Base; path = Base.lproj/LaunchScreen.storyboard; sourceTree = "<group>"; };
		A4C4F8AF2A30F4AF00E231AA /* Info.plist */ = {isa = PBXFileReference; lastKnownFileType = text.plist.xml; path = Info.plist; sourceTree = "<group>"; };
/* End PBXFileReference section */

/* Begin PBXFrameworksBuildPhase section */
		A4C4F89B2A30F4AE00E231AA /* Frameworks */ = {
			isa = PBXFrameworksBuildPhase;
			buildActionMask = 2147483647;
			files = (
			);
			runOnlyForDeploymentPostprocessing = 0;
		};
/* End PBXFrameworksBuildPhase section */

/* Begin PBXGroup section */
		A4C4F8952A30F4AE00E231AA = {
			isa = PBXGroup;
			children = (
				A4C4F8A02A30F4AE00E231AA /* Алгоритм работы по git flow. Разработка */,
				A4C4F89F2A30F4AE00E231AA /* Products */,
			);
			sourceTree = "<group>";
		};
		A4C4F89F2A30F4AE00E231AA /* Products */ = {
			isa = PBXGroup;
			children = (
				A4C4F89E2A30F4AE00E231AA /* Алгоритм работы по git flow. Разработка.app */,
			);
			name = Products;
			sourceTree = "<group>";
		};
		A4C4F8A02A30F4AE00E231AA /* Алгоритм работы по git flow. Разработка */ = {
			isa = PBXGroup;
			children = (
				A4C4F8A12A30F4AE00E231AA /* AppDelegate.swift */,
				A4C4F8A32A30F4AE00E231AA /* SceneDelegate.swift */,
				A4C4F8A52A30F4AE00E231AA /* ViewController.swift */,
				A4C4F8A72A30F4AE00E231AA /* Main.storyboard */,
				A4C4F8AA2A30F4AF00E231AA /* Assets.xcassets */,
				A4C4F8AC2A30F4AF00E231AA /* LaunchScreen.storyboard */,
				A4C4F8AF2A30F4AF00E231AA /* Info.plist */,
			);
			path = "Алгоритм работы по git flow. Разработка";
			sourceTree = "<group>";
		};
/* End PBXGroup section */

/* Begin PBXNativeTarget section */
		A4C4F89D2A30F4AE00E231AA /* Алгоритм работы по git flow. Разработка */ = {
			isa = PBXNativeTarget;
			buildConfigurationList = A4C4F8B22A30F4AF00E231AA /* Build configuration list for PBXNativeTarget "Алгоритм работы по git flow. Разработка" */;
			buildPhases = (
				A4C4F89A2A30F4AE00E231AA /* Sources */,
				A4C4F89B2A30F4AE00E231AA /* Frameworks */,
				A4C4F89C2A30F4AE00E231AA /* Resources */,
			);
			buildRules = (
			);
			dependencies = (
			);
			name = "Алгоритм работы по git flow. Разработка";
			productName = "Алгоритм работы по git flow. Разработка";
			productReference = A4C4F89E2A30F4AE00E231AA /* Алгоритм работы по git flow. Разработка.app */;
			productType = "com.apple.product-type.application";
		};
/* End PBXNativeTarget section */

/* Begin PBXProject section */
		A4C4F8962A30F4AE00E231AA /* Project object */ = {
			isa = PBXProject;
			attributes = {
				BuildIndependentTargetsInParallel = 1;
				LastSwiftUpdateCheck = 1420;
				LastUpgradeCheck = 1420;
				TargetAttributes = {
					A4C4F89D2A30F4AE00E231AA = {
						CreatedOnToolsVersion = 14.2;
					};
				};
			};
			buildConfigurationList = A4C4F8992A30F4AE00E231AA /* Build configuration list for PBXProject "Алгоритм работы по git flow. Разработка" */;
			compatibilityVersion = "Xcode 14.0";
			developmentRegion = en;
			hasScannedForEncodings = 0;
			knownRegions = (
				en,
				Base,
			);
			mainGroup = A4C4F8952A30F4AE00E231AA;
			productRefGroup = A4C4F89F2A30F4AE00E231AA /* Products */;
			projectDirPath = "";
			projectRoot = "";
			targets = (
				A4C4F89D2A30F4AE00E231AA /* Алгоритм работы по git flow. Разработка */,
			);
		};
/* End PBXProject section */

/* Begin PBXResourcesBuildPhase section */
		A4C4F89C2A30F4AE00E231AA /* Resources */ = {
			isa = PBXResourcesBuildPhase;
			buildActionMask = 2147483647;
			files = (
				A4C4F8AE2A30F4AF00E231AA /* LaunchScreen.storyboard in Resources */,
				A4C4F8AB2A30F4AF00E231AA /* Assets.xcassets in Resources */,
				A4C4F8A92A30F4AE00E231AA /* Main.storyboard in Resources */,
			);
			runOnlyForDeploymentPostprocessing = 0;
		};
/* End PBXResourcesBuildPhase section */

/* Begin PBXSourcesBuildPhase section */
		A4C4F89A2A30F4AE00E231AA /* Sources */ = {
			isa = PBXSourcesBuildPhase;
			buildActionMask = 2147483647;
			files = (
				A4C4F8A62A30F4AE00E231AA /* ViewController.swift in Sources */,
				A4C4F8A22A30F4AE00E231AA /* AppDelegate.swift in Sources */,
				A4C4F8A42A30F4AE00E231AA /* SceneDelegate.swift in Sources */,
			);
			runOnlyForDeploymentPostprocessing = 0;
		};
/* End PBXSourcesBuildPhase section */

/* Begin PBXVariantGroup section */
		A4C4F8A72A30F4AE00E231AA /* Main.storyboard */ = {
			isa = PBXVariantGroup;
			children = (
				A4C4F8A82A30F4AE00E231AA /* Base */,
			);
			name = Main.storyboard;
			sourceTree = "<group>";
		};
		A4C4F8AC2A30F4AF00E231AA /* LaunchScreen.storyboard */ = {
			isa = PBXVariantGroup;
			children = (
				A4C4F8AD2A30F4AF00E231AA /* Base */,
			);
			name = LaunchScreen.storyboard;
			sourceTree = "<group>";
		};
/* End PBXVariantGroup section */

/* Begin XCBuildConfiguration section */
		A4C4F8B02A30F4AF00E231AA /* Debug */ = {
			isa = XCBuildConfiguration;
			buildSettings = {
				ALWAYS_SEARCH_USER_PATHS = NO;
				CLANG_ANALYZER_NONNULL = YES;
				CLANG_ANALYZER_NUMBER_OBJECT_CONVERSION = YES_AGGRESSIVE;
				CLANG_CXX_LANGUAGE_STANDARD = "gnu++20";
				CLANG_ENABLE_MODULES = YES;
				CLANG_ENABLE_OBJC_ARC = YES;
				CLANG_ENABLE_OBJC_WEAK = YES;
				CLANG_WARN_BLOCK_CAPTURE_AUTORELEASING = YES;
				CLANG_WARN_BOOL_CONVERSION = YES;
				CLANG_WARN_COMMA = YES;
				CLANG_WARN_CONSTANT_CONVERSION = YES;
				CLANG_WARN_DEPRECATED_OBJC_IMPLEMENTATIONS = YES;
				CLANG_WARN_DIRECT_OBJC_ISA_USAGE = YES_ERROR;
				CLANG_WARN_DOCUMENTATION_COMMENTS = YES;
				CLANG_WARN_EMPTY_BODY = YES;
				CLANG_WARN_ENUM_CONVERSION = YES;
				CLANG_WARN_INFINITE_RECURSION = YES;
				CLANG_WARN_INT_CONVERSION = YES;
				CLANG_WARN_NON_LITERAL_NULL_CONVERSION = YES;
				CLANG_WARN_OBJC_IMPLICIT_RETAIN_SELF = YES;
				CLANG_WARN_OBJC_LITERAL_CONVERSION = YES;
				CLANG_WARN_OBJC_ROOT_CLASS = YES_ERROR;
				CLANG_WARN_QUOTED_INCLUDE_IN_FRAMEWORK_HEADER = YES;
				CLANG_WARN_RANGE_LOOP_ANALYSIS = YES;
				CLANG_WARN_STRICT_PROTOTYPES = YES;
				CLANG_WARN_SUSPICIOUS_MOVE = YES;
				CLANG_WARN_UNGUARDED_AVAILABILITY = YES_AGGRESSIVE;
				CLANG_WARN_UNREACHABLE_CODE = YES;
				CLANG_WARN__DUPLICATE_METHOD_MATCH = YES;
				COPY_PHASE_STRIP = NO;
				DEBUG_INFORMATION_FORMAT = dwarf;
				ENABLE_STRICT_OBJC_MSGSEND = YES;
				ENABLE_TESTABILITY = YES;
				GCC_C_LANGUAGE_STANDARD = gnu11;
				GCC_DYNAMIC_NO_PIC = NO;
				GCC_NO_COMMON_BLOCKS = YES;
				GCC_OPTIMIZATION_LEVEL = 0;
				GCC_PREPROCESSOR_DEFINITIONS = (
					"DEBUG=1",
					"$(inherited)",
				);
				GCC_WARN_64_TO_32_BIT_CONVERSION = YES;
				GCC_WARN_ABOUT_RETURN_TYPE = YES_ERROR;
				GCC_WARN_UNDECLARED_SELECTOR = YES;
				GCC_WARN_UNINITIALIZED_AUTOS = YES_AGGRESSIVE;
				GCC_WARN_UNUSED_FUNCTION = YES;
				GCC_WARN_UNUSED_VARIABLE = YES;
				IPHONEOS_DEPLOYMENT_TARGET = 16.2;
				MTL_ENABLE_DEBUG_INFO = INCLUDE_SOURCE;
				MTL_FAST_MATH = YES;
				ONLY_ACTIVE_ARCH = YES;
				SDKROOT = iphoneos;
				SWIFT_ACTIVE_COMPILATION_CONDITIONS = DEBUG;
				SWIFT_OPTIMIZATION_LEVEL = "-Onone";
			};
			name = Debug;
		};
		A4C4F8B12A30F4AF00E231AA /* Release */ = {
			isa = XCBuildConfiguration;
			buildSettings = {
				ALWAYS_SEARCH_USER_PATHS = NO;
				CLANG_ANALYZER_NONNULL = YES;
				CLANG_ANALYZER_NUMBER_OBJECT_CONVERSION = YES_AGGRESSIVE;
				CLANG_CXX_LANGUAGE_STANDARD = "gnu++20";
				CLANG_ENABLE_MODULES = YES;
				CLANG_ENABLE_OBJC_ARC = YES;
				CLANG_ENABLE_OBJC_WEAK = YES;
				CLANG_WARN_BLOCK_CAPTURE_AUTORELEASING = YES;
				CLANG_WARN_BOOL_CONVERSION = YES;
				CLANG_WARN_COMMA = YES;
				CLANG_WARN_CONSTANT_CONVERSION = YES;
				CLANG_WARN_DEPRECATED_OBJC_IMPLEMENTATIONS = YES;
				CLANG_WARN_DIRECT_OBJC_ISA_USAGE = YES_ERROR;
				CLANG_WARN_DOCUMENTATION_COMMENTS = YES;
				CLANG_WARN_EMPTY_BODY = YES;
				CLANG_WARN_ENUM_CONVERSION = YES;
				CLANG_WARN_INFINITE_RECURSION = YES;
				CLANG_WARN_INT_CONVERSION = YES;
				CLANG_WARN_NON_LITERAL_NULL_CONVERSION = YES;
				CLANG_WARN_OBJC_IMPLICIT_RETAIN_SELF = YES;
				CLANG_WARN_OBJC_LITERAL_CONVERSION = YES;
				CLANG_WARN_OBJC_ROOT_CLASS = YES_ERROR;
				CLANG_WARN_QUOTED_INCLUDE_IN_FRAMEWORK_HEADER = YES;
				CLANG_WARN_RANGE_LOOP_ANALYSIS = YES;
				CLANG_WARN_STRICT_PROTOTYPES = YES;
				CLANG_WARN_SUSPICIOUS_MOVE = YES;
				CLANG_WARN_UNGUARDED_AVAILABILITY = YES_AGGRESSIVE;
				CLANG_WARN_UNREACHABLE_CODE = YES;
				CLANG_WARN__DUPLICATE_METHOD_MATCH = YES;
				COPY_PHASE_STRIP = NO;
				DEBUG_INFORMATION_FORMAT = "dwarf-with-dsym";
				ENABLE_NS_ASSERTIONS = NO;
				ENABLE_STRICT_OBJC_MSGSEND = YES;
				GCC_C_LANGUAGE_STANDARD = gnu11;
				GCC_NO_COMMON_BLOCKS = YES;
				GCC_WARN_64_TO_32_BIT_CONVERSION = YES;
				GCC_WARN_ABOUT_RETURN_TYPE = YES_ERROR;
				GCC_WARN_UNDECLARED_SELECTOR = YES;
				GCC_WARN_UNINITIALIZED_AUTOS = YES_AGGRESSIVE;
				GCC_WARN_UNUSED_FUNCTION = YES;
				GCC_WARN_UNUSED_VARIABLE = YES;
				IPHONEOS_DEPLOYMENT_TARGET = 16.2;
				MTL_ENABLE_DEBUG_INFO = NO;
				MTL_FAST_MATH = YES;
				SDKROOT = iphoneos;
				SWIFT_COMPILATION_MODE = wholemodule;
				SWIFT_OPTIMIZATION_LEVEL = "-O";
				VALIDATE_PRODUCT = YES;
			};
			name = Release;
		};
		A4C4F8B32A30F4AF00E231AA /* Debug */ = {
			isa = XCBuildConfiguration;
			buildSettings = {
				ASSETCATALOG_COMPILER_APPICON_NAME = AppIcon;
				ASSETCATALOG_COMPILER_GLOBAL_ACCENT_COLOR_NAME = AccentColor;
				CODE_SIGN_STYLE = Automatic;
				CURRENT_PROJECT_VERSION = 1;
				DEVELOPMENT_TEAM = 8JRB7NV3AL;
				GENERATE_INFOPLIST_FILE = YES;
				INFOPLIST_FILE = "Алгоритм работы по git flow. Разработка/Info.plist";
				INFOPLIST_KEY_UIApplicationSupportsIndirectInputEvents = YES;
				INFOPLIST_KEY_UILaunchStoryboardName = LaunchScreen;
				INFOPLIST_KEY_UIMainStoryboardFile = Main;
				INFOPLIST_KEY_UISupportedInterfaceOrientations_iPad = "UIInterfaceOrientationPortrait UIInterfaceOrientationPortraitUpsideDown UIInterfaceOrientationLandscapeLeft UIInterfaceOrientationLandscapeRight";
				INFOPLIST_KEY_UISupportedInterfaceOrientations_iPhone = "UIInterfaceOrientationPortrait UIInterfaceOrientationLandscapeLeft UIInterfaceOrientationLandscapeRight";
				LD_RUNPATH_SEARCH_PATHS = (
					"$(inherited)",
					"@executable_path/Frameworks",
				);
				MARKETING_VERSION = 1.0;
				PRODUCT_BUNDLE_IDENTIFIER = "com.my.-------------------git-flow------------";
				PRODUCT_NAME = "$(TARGET_NAME)";
				SWIFT_EMIT_LOC_STRINGS = YES;
				SWIFT_VERSION = 5.0;
				TARGETED_DEVICE_FAMILY = "1,2";
			};
			name = Debug;
		};
		A4C4F8B42A30F4AF00E231AA /* Release */ = {
			isa = XCBuildConfiguration;
			buildSettings = {
				ASSETCATALOG_COMPILER_APPICON_NAME = AppIcon;
				ASSETCATALOG_COMPILER_GLOBAL_ACCENT_COLOR_NAME = AccentColor;
				CODE_SIGN_STYLE = Automatic;
				CURRENT_PROJECT_VERSION = 1;
				DEVELOPMENT_TEAM = 8JRB7NV3AL;
				GENERATE_INFOPLIST_FILE = YES;
				INFOPLIST_FILE = "Алгоритм работы по git flow. Разработка/Info.plist";
				INFOPLIST_KEY_UIApplicationSupportsIndirectInputEvents = YES;
				INFOPLIST_KEY_UILaunchStoryboardName = LaunchScreen;
				INFOPLIST_KEY_UIMainStoryboardFile = Main;
				INFOPLIST_KEY_UISupportedInterfaceOrientations_iPad = "UIInterfaceOrientationPortrait UIInterfaceOrientationPortraitUpsideDown UIInterfaceOrientationLandscapeLeft UIInterfaceOrientationLandscapeRight";
				INFOPLIST_KEY_UISupportedInterfaceOrientations_iPhone = "UIInterfaceOrientationPortrait UIInterfaceOrientationLandscapeLeft UIInterfaceOrientationLandscapeRight";
				LD_RUNPATH_SEARCH_PATHS = (
					"$(inherited)",
					"@executable_path/Frameworks",
				);
				MARKETING_VERSION = 1.0;
				PRODUCT_BUNDLE_IDENTIFIER = "com.my.-------------------git-flow------------";
				PRODUCT_NAME = "$(TARGET_NAME)";
				SWIFT_EMIT_LOC_STRINGS = YES;
				SWIFT_VERSION = 5.0;
				TARGETED_DEVICE_FAMILY = "1,2";
			};
			name = Release;
		};
/* End XCBuildConfiguration section */

/* Begin XCConfigurationList section */
		A4C4F8992A30F4AE00E231AA /* Build configuration list for PBXProject "Алгоритм работы по git flow. Разработка" */ = {
			isa = XCConfigurationList;
			buildConfigurations = (
				A4C4F8B02A30F4AF00E231AA /* Debug */,
				A4C4F8B12A30F4AF00E231AA /* Release */,
			);
			defaultConfigurationIsVisible = 0;
			defaultConfigurationName = Release;
		};
		A4C4F8B22A30F4AF00E231AA /* Build configuration list for PBXNativeTarget "Алгоритм работы по git flow. Разработка" */ = {
			isa = XCConfigurationList;
			buildConfigurations = (
				A4C4F8B32A30F4AF00E231AA /* Debug */,
				A4C4F8B42A30F4AF00E231AA /* Release */,
			);
			defaultConfigurationIsVisible = 0;
			defaultConfigurationName = Release;
		};
/* End XCConfigurationList section */
	};
	rootObject = A4C4F8962A30F4AE00E231AA /* Project object */;
}
